
Microsoft Visual Studio Solution File, Format Version 12.00
# Visual Studio Version 16
VisualStudioVersion = 16.0.32802.440
MinimumVisualStudioVersion = 10.0.40219.1
Project("{FAE04EC0-301F-11D3-BF4B-00C04F79EFBC}") = "EJ - Caja de ahorro", "EJ - Caja de ahorro\EJ - Caja de ahorro.csproj", "{87A8ABF7-19FC-42BB-A7FB-883F05FE22CB}"
EndProject
Global
	GlobalSection(SolutionConfigurationPlatforms) = preSolution
		Debug|Any CPU = Debug|Any CPU
		Release|Any CPU = Release|Any CPU
	EndGlobalSection
	GlobalSection(ProjectConfigurationPlatforms) = postSolution
		{87A8ABF7-19FC-42BB-A7FB-883F05FE22CB}.Debug|Any CPU.ActiveCfg = Debug|Any CPU
		{87A8ABF7-19FC-42BB-A7FB-883F05FE22CB}.Debug|Any CPU.Build.0 = Debug|Any CPU
		{87A8ABF7-19FC-42BB-A7FB-883F05FE22CB}.Release|Any CPU.ActiveCfg = Release|Any CPU
		{87A8ABF7-19FC-42BB-A7FB-883F05FE22CB}.Release|Any CPU.Build.0 = Release|Any CPU
	EndGlobalSection
	GlobalSection(SolutionProperties) = preSolution
		HideSolutionNode = FALSE
	EndGlobalSection
	GlobalSection(ExtensibilityGlobals) = postSolution
		SolutionGuid = {C10E597E-7C29-4B6F-8403-FCE5ED83C62D}
	EndGlobalSection
EndGlobal
